// !$*UTF8*$!
{
	archiveVersion = 1;
	classes = {
	};
	objectVersion = 56;
	objects = {

/* Begin PBXBuildFile section */
		1A0CB22F29A8931A00FB34A7 /* YiYiApp.swift in Sources */ = {isa = PBXBuildFile; fileRef = 1A0CB22E29A8931A00FB34A7 /* YiYiApp.swift */; };
		1A0CB23129A8931A00FB34A7 /* ContentView.swift in Sources */ = {isa = PBXBuildFile; fileRef = 1A0CB23029A8931A00FB34A7 /* ContentView.swift */; };
		1A0CB23329A8931C00FB34A7 /* Assets.xcassets in Resources */ = {isa = PBXBuildFile; fileRef = 1A0CB23229A8931C00FB34A7 /* Assets.xcassets */; };
		1A0CB23629A8931C00FB34A7 /* Preview Assets.xcassets in Resources */ = {isa = PBXBuildFile; fileRef = 1A0CB23529A8931C00FB34A7 /* Preview Assets.xcassets */; };
		1A0CB24029A8931C00FB34A7 /* YiYiTests.swift in Sources */ = {isa = PBXBuildFile; fileRef = 1A0CB23F29A8931C00FB34A7 /* YiYiTests.swift */; };
		1A0CB24A29A8931C00FB34A7 /* YiYiUITests.swift in Sources */ = {isa = PBXBuildFile; fileRef = 1A0CB24929A8931C00FB34A7 /* YiYiUITests.swift */; };
		1A0CB24C29A8931C00FB34A7 /* YiYiUITestsLaunchTests.swift in Sources */ = {isa = PBXBuildFile; fileRef = 1A0CB24B29A8931C00FB34A7 /* YiYiUITestsLaunchTests.swift */; };
		1A0CB25B29A896D500FB34A7 /* Menu.swift in Sources */ = {isa = PBXBuildFile; fileRef = 1A0CB25A29A896D500FB34A7 /* Menu.swift */; };
		1A0CB25E29A8978000FB34A7 /* MenuList.swift in Sources */ = {isa = PBXBuildFile; fileRef = 1A0CB25D29A8978000FB34A7 /* MenuList.swift */; };
		1A0CB26229A8A26C00FB34A7 /* NFCView.swift in Sources */ = {isa = PBXBuildFile; fileRef = 1A0CB26129A8A26C00FB34A7 /* NFCView.swift */; };
		1A0CB26429A8A97200FB34A7 /* SplashView.swift in Sources */ = {isa = PBXBuildFile; fileRef = 1A0CB26329A8A97200FB34A7 /* SplashView.swift */; };
		1A0CB26929A8AF7300FB34A7 /* tianzhen.ttf in Resources */ = {isa = PBXBuildFile; fileRef = 1A0CB26829A8AF7300FB34A7 /* tianzhen.ttf */; };
		1AA0464F29A910310032C91E /* ShellView.swift in Sources */ = {isa = PBXBuildFile; fileRef = 1AA0464E29A910310032C91E /* ShellView.swift */; };
		1AB3A94829A91B970005C6B6 /* Gestures.swift in Sources */ = {isa = PBXBuildFile; fileRef = 1AB3A94729A91B970005C6B6 /* Gestures.swift */; };
		1AB3A94B29A91E0B0005C6B6 /* BluetoothServices.swift in Sources */ = {isa = PBXBuildFile; fileRef = 1AB3A94A29A91E0B0005C6B6 /* BluetoothServices.swift */; };
		1AB3A95229AA524C0005C6B6 /* BluetoothPeripherals.swift in Sources */ = {isa = PBXBuildFile; fileRef = 1AB3A95129AA524C0005C6B6 /* BluetoothPeripherals.swift */; };
		1AB3A95429AA5E9C0005C6B6 /* Utilities.swift in Sources */ = {isa = PBXBuildFile; fileRef = 1AB3A95329AA5E9C0005C6B6 /* Utilities.swift */; };
		1AB3A95729AA6F9F0005C6B6 /* SwiftTerm in Frameworks */ = {isa = PBXBuildFile; productRef = 1AB3A95629AA6F9F0005C6B6 /* SwiftTerm */; };
		1AB83EFA29A8B476009C941C /* ActionCustomView.swift in Sources */ = {isa = PBXBuildFile; fileRef = 1AB83EF929A8B476009C941C /* ActionCustomView.swift */; };
		1AB83EFC29A8B7BA009C941C /* BluetoothView.swift in Sources */ = {isa = PBXBuildFile; fileRef = 1AB83EFB29A8B7BA009C941C /* BluetoothView.swift */; };
		1AB83EFE29A8B7CC009C941C /* WirelessView.swift in Sources */ = {isa = PBXBuildFile; fileRef = 1AB83EFD29A8B7CC009C941C /* WirelessView.swift */; };
		1AB83F0129A8BBAB009C941C /* AlertToast in Frameworks */ = {isa = PBXBuildFile; productRef = 1AB83F0029A8BBAB009C941C /* AlertToast */; };
		1AB83F0429A8FDF2009C941C /* SwiftNFC in Frameworks */ = {isa = PBXBuildFile; productRef = 1AB83F0329A8FDF2009C941C /* SwiftNFC */; };
/* End PBXBuildFile section */

/* Begin PBXContainerItemProxy section */
		1A0CB23C29A8931C00FB34A7 /* PBXContainerItemProxy */ = {
			isa = PBXContainerItemProxy;
			containerPortal = 1A0CB22329A8931A00FB34A7 /* Project object */;
			proxyType = 1;
			remoteGlobalIDString = 1A0CB22A29A8931A00FB34A7;
			remoteInfo = YiYi;
		};
		1A0CB24629A8931C00FB34A7 /* PBXContainerItemProxy */ = {
			isa = PBXContainerItemProxy;
			containerPortal = 1A0CB22329A8931A00FB34A7 /* Project object */;
			proxyType = 1;
			remoteGlobalIDString = 1A0CB22A29A8931A00FB34A7;
			remoteInfo = YiYi;
		};
/* End PBXContainerItemProxy section */

/* Begin PBXFileReference section */
		1A0CB22B29A8931A00FB34A7 /* YiYi.app */ = {isa = PBXFileReference; explicitFileType = wrapper.application; includeInIndex = 0; path = YiYi.app; sourceTree = BUILT_PRODUCTS_DIR; };
		1A0CB22E29A8931A00FB34A7 /* YiYiApp.swift */ = {isa = PBXFileReference; lastKnownFileType = sourcecode.swift; path = YiYiApp.swift; sourceTree = "<group>"; };
		1A0CB23029A8931A00FB34A7 /* ContentView.swift */ = {isa = PBXFileReference; lastKnownFileType = sourcecode.swift; path = ContentView.swift; sourceTree = "<group>"; };
		1A0CB23229A8931C00FB34A7 /* Assets.xcassets */ = {isa = PBXFileReference; lastKnownFileType = folder.assetcatalog; path = Assets.xcassets; sourceTree = "<group>"; };
		1A0CB23529A8931C00FB34A7 /* Preview Assets.xcassets */ = {isa = PBXFileReference; lastKnownFileType = folder.assetcatalog; path = "Preview Assets.xcassets"; sourceTree = "<group>"; };
		1A0CB23B29A8931C00FB34A7 /* YiYiTests.xctest */ = {isa = PBXFileReference; explicitFileType = wrapper.cfbundle; includeInIndex = 0; path = YiYiTests.xctest; sourceTree = BUILT_PRODUCTS_DIR; };
		1A0CB23F29A8931C00FB34A7 /* YiYiTests.swift */ = {isa = PBXFileReference; lastKnownFileType = sourcecode.swift; path = YiYiTests.swift; sourceTree = "<group>"; };
		1A0CB24529A8931C00FB34A7 /* YiYiUITests.xctest */ = {isa = PBXFileReference; explicitFileType = wrapper.cfbundle; includeInIndex = 0; path = YiYiUITests.xctest; sourceTree = BUILT_PRODUCTS_DIR; };
		1A0CB24929A8931C00FB34A7 /* YiYiUITests.swift */ = {isa = PBXFileReference; lastKnownFileType = sourcecode.swift; path = YiYiUITests.swift; sourceTree = "<group>"; };
		1A0CB24B29A8931C00FB34A7 /* YiYiUITestsLaunchTests.swift */ = {isa = PBXFileReference; lastKnownFileType = sourcecode.swift; path = YiYiUITestsLaunchTests.swift; sourceTree = "<group>"; };
		1A0CB25A29A896D500FB34A7 /* Menu.swift */ = {isa = PBXFileReference; lastKnownFileType = sourcecode.swift; path = Menu.swift; sourceTree = "<group>"; };
		1A0CB25D29A8978000FB34A7 /* MenuList.swift */ = {isa = PBXFileReference; lastKnownFileType = sourcecode.swift; path = MenuList.swift; sourceTree = "<group>"; };
		1A0CB26129A8A26C00FB34A7 /* NFCView.swift */ = {isa = PBXFileReference; lastKnownFileType = sourcecode.swift; path = NFCView.swift; sourceTree = "<group>"; };
		1A0CB26329A8A97200FB34A7 /* SplashView.swift */ = {isa = PBXFileReference; lastKnownFileType = sourcecode.swift; path = SplashView.swift; sourceTree = "<group>"; };
		1A0CB26829A8AF7300FB34A7 /* tianzhen.ttf */ = {isa = PBXFileReference; lastKnownFileType = file; path = tianzhen.ttf; sourceTree = "<group>"; };
		1AA0464E29A910310032C91E /* ShellView.swift */ = {isa = PBXFileReference; lastKnownFileType = sourcecode.swift; path = ShellView.swift; sourceTree = "<group>"; };
		1AB3A94729A91B970005C6B6 /* Gestures.swift */ = {isa = PBXFileReference; lastKnownFileType = sourcecode.swift; path = Gestures.swift; sourceTree = "<group>"; };
		1AB3A94A29A91E0B0005C6B6 /* BluetoothServices.swift */ = {isa = PBXFileReference; lastKnownFileType = sourcecode.swift; path = BluetoothServices.swift; sourceTree = "<group>"; };
		1AB3A95129AA524C0005C6B6 /* BluetoothPeripherals.swift */ = {isa = PBXFileReference; lastKnownFileType = sourcecode.swift; path = BluetoothPeripherals.swift; sourceTree = "<group>"; };
		1AB3A95329AA5E9C0005C6B6 /* Utilities.swift */ = {isa = PBXFileReference; lastKnownFileType = sourcecode.swift; path = Utilities.swift; sourceTree = "<group>"; };
		1AB83EF929A8B476009C941C /* ActionCustomView.swift */ = {isa = PBXFileReference; lastKnownFileType = sourcecode.swift; path = ActionCustomView.swift; sourceTree = "<group>"; };
		1AB83EFB29A8B7BA009C941C /* BluetoothView.swift */ = {isa = PBXFileReference; lastKnownFileType = sourcecode.swift; path = BluetoothView.swift; sourceTree = "<group>"; };
		1AB83EFD29A8B7CC009C941C /* WirelessView.swift */ = {isa = PBXFileReference; lastKnownFileType = sourcecode.swift; path = WirelessView.swift; sourceTree = "<group>"; };
		1AE6584B29A909070059F725 /* Info.plist */ = {isa = PBXFileReference; lastKnownFileType = text.plist; path = Info.plist; sourceTree = "<group>"; };
/* End PBXFileReference section */

/* Begin PBXFrameworksBuildPhase section */
		1A0CB22829A8931A00FB34A7 /* Frameworks */ = {
			isa = PBXFrameworksBuildPhase;
			buildActionMask = 2147483647;
			files = (
				1AB83F0429A8FDF2009C941C /* SwiftNFC in Frameworks */,
				1AB83F0129A8BBAB009C941C /* AlertToast in Frameworks */,
				1AB3A95729AA6F9F0005C6B6 /* SwiftTerm in Frameworks */,
			);
			runOnlyForDeploymentPostprocessing = 0;
		};
		1A0CB23829A8931C00FB34A7 /* Frameworks */ = {
			isa = PBXFrameworksBuildPhase;
			buildActionMask = 2147483647;
			files = (
			);
			runOnlyForDeploymentPostprocessing = 0;
		};
		1A0CB24229A8931C00FB34A7 /* Frameworks */ = {
			isa = PBXFrameworksBuildPhase;
			buildActionMask = 2147483647;
			files = (
			);
			runOnlyForDeploymentPostprocessing = 0;
		};
/* End PBXFrameworksBuildPhase section */

/* Begin PBXGroup section */
		1A0CB22229A8931A00FB34A7 = {
			isa = PBXGroup;
			children = (
				1A0CB26729A8AF6100FB34A7 /* fonts */,
				1A0CB22D29A8931A00FB34A7 /* YiYi */,
				1A0CB23E29A8931C00FB34A7 /* YiYiTests */,
				1A0CB24829A8931C00FB34A7 /* YiYiUITests */,
				1A0CB22C29A8931A00FB34A7 /* Products */,
			);
			sourceTree = "<group>";
		};
		1A0CB22C29A8931A00FB34A7 /* Products */ = {
			isa = PBXGroup;
			children = (
				1A0CB22B29A8931A00FB34A7 /* YiYi.app */,
				1A0CB23B29A8931C00FB34A7 /* YiYiTests.xctest */,
				1A0CB24529A8931C00FB34A7 /* YiYiUITests.xctest */,
			);
			name = Products;
			sourceTree = "<group>";
		};
		1A0CB22D29A8931A00FB34A7 /* YiYi */ = {
			isa = PBXGroup;
			children = (
				1AB3A94929A91DF80005C6B6 /* Controllers */,
				1AB3A94629A91B810005C6B6 /* Extensions */,
				1AE6584B29A909070059F725 /* Info.plist */,
				1A0CB26A29A8B36D00FB34A7 /* Utilties */,
				1A0CB25C29A8972C00FB34A7 /* Constants */,
				1A0CB25929A896C500FB34A7 /* Models */,
				1A0CB25829A894F000FB34A7 /* Views */,
				1A0CB22E29A8931A00FB34A7 /* YiYiApp.swift */,
				1A0CB23229A8931C00FB34A7 /* Assets.xcassets */,
				1A0CB23429A8931C00FB34A7 /* Preview Content */,
			);
			path = YiYi;
			sourceTree = "<group>";
		};
		1A0CB23429A8931C00FB34A7 /* Preview Content */ = {
			isa = PBXGroup;
			children = (
				1A0CB23529A8931C00FB34A7 /* Preview Assets.xcassets */,
			);
			path = "Preview Content";
			sourceTree = "<group>";
		};
		1A0CB23E29A8931C00FB34A7 /* YiYiTests */ = {
			isa = PBXGroup;
			children = (
				1A0CB23F29A8931C00FB34A7 /* YiYiTests.swift */,
			);
			path = YiYiTests;
			sourceTree = "<group>";
		};
		1A0CB24829A8931C00FB34A7 /* YiYiUITests */ = {
			isa = PBXGroup;
			children = (
				1A0CB24929A8931C00FB34A7 /* YiYiUITests.swift */,
				1A0CB24B29A8931C00FB34A7 /* YiYiUITestsLaunchTests.swift */,
			);
			path = YiYiUITests;
			sourceTree = "<group>";
		};
		1A0CB25829A894F000FB34A7 /* Views */ = {
			isa = PBXGroup;
			children = (
				1A0CB23029A8931A00FB34A7 /* ContentView.swift */,
				1A0CB26129A8A26C00FB34A7 /* NFCView.swift */,
				1A0CB26329A8A97200FB34A7 /* SplashView.swift */,
				1AB83EFB29A8B7BA009C941C /* BluetoothView.swift */,
				1AB83EFD29A8B7CC009C941C /* WirelessView.swift */,
				1AA0464E29A910310032C91E /* ShellView.swift */,
			);
			path = Views;
			sourceTree = "<group>";
		};
		1A0CB25929A896C500FB34A7 /* Models */ = {
			isa = PBXGroup;
			children = (
				1A0CB25A29A896D500FB34A7 /* Menu.swift */,
				1AB3A95129AA524C0005C6B6 /* BluetoothPeripherals.swift */,
			);
			path = Models;
			sourceTree = "<group>";
		};
		1A0CB25C29A8972C00FB34A7 /* Constants */ = {
			isa = PBXGroup;
			children = (
				1A0CB25D29A8978000FB34A7 /* MenuList.swift */,
			);
			path = Constants;
			sourceTree = "<group>";
		};
		1A0CB26729A8AF6100FB34A7 /* fonts */ = {
			isa = PBXGroup;
			children = (
				1A0CB26829A8AF7300FB34A7 /* tianzhen.ttf */,
			);
			path = fonts;
			sourceTree = "<group>";
		};
		1A0CB26A29A8B36D00FB34A7 /* Utilties */ = {
			isa = PBXGroup;
			children = (
				1AB83EF929A8B476009C941C /* ActionCustomView.swift */,
				1AB3A95329AA5E9C0005C6B6 /* Utilities.swift */,
			);
			path = Utilties;
			sourceTree = "<group>";
		};
		1AB3A94629A91B810005C6B6 /* Extensions */ = {
			isa = PBXGroup;
			children = (
				1AB3A94729A91B970005C6B6 /* Gestures.swift */,
			);
			path = Extensions;
			sourceTree = "<group>";
		};
		1AB3A94929A91DF80005C6B6 /* Controllers */ = {
			isa = PBXGroup;
			children = (
				1AB3A94A29A91E0B0005C6B6 /* BluetoothServices.swift */,
			);
			path = Controllers;
			sourceTree = "<group>";
		};
/* End PBXGroup section */

/* Begin PBXNativeTarget section */
		1A0CB22A29A8931A00FB34A7 /* YiYi */ = {
			isa = PBXNativeTarget;
			buildConfigurationList = 1A0CB24F29A8931C00FB34A7 /* Build configuration list for PBXNativeTarget "YiYi" */;
			buildPhases = (
				1A0CB22729A8931A00FB34A7 /* Sources */,
				1A0CB22829A8931A00FB34A7 /* Frameworks */,
				1A0CB22929A8931A00FB34A7 /* Resources */,
			);
			buildRules = (
			);
			dependencies = (
			);
			name = YiYi;
			packageProductDependencies = (
				1AB83F0029A8BBAB009C941C /* AlertToast */,
				1AB83F0329A8FDF2009C941C /* SwiftNFC */,
				1AB3A95629AA6F9F0005C6B6 /* SwiftTerm */,
			);
			productName = YiYi;
			productReference = 1A0CB22B29A8931A00FB34A7 /* YiYi.app */;
			productType = "com.apple.product-type.application";
		};
		1A0CB23A29A8931C00FB34A7 /* YiYiTests */ = {
			isa = PBXNativeTarget;
			buildConfigurationList = 1A0CB25229A8931C00FB34A7 /* Build configuration list for PBXNativeTarget "YiYiTests" */;
			buildPhases = (
				1A0CB23729A8931C00FB34A7 /* Sources */,
				1A0CB23829A8931C00FB34A7 /* Frameworks */,
				1A0CB23929A8931C00FB34A7 /* Resources */,
			);
			buildRules = (
			);
			dependencies = (
				1A0CB23D29A8931C00FB34A7 /* PBXTargetDependency */,
			);
			name = YiYiTests;
			productName = YiYiTests;
			productReference = 1A0CB23B29A8931C00FB34A7 /* YiYiTests.xctest */;
			productType = "com.apple.product-type.bundle.unit-test";
		};
		1A0CB24429A8931C00FB34A7 /* YiYiUITests */ = {
			isa = PBXNativeTarget;
			buildConfigurationList = 1A0CB25529A8931C00FB34A7 /* Build configuration list for PBXNativeTarget "YiYiUITests" */;
			buildPhases = (
				1A0CB24129A8931C00FB34A7 /* Sources */,
				1A0CB24229A8931C00FB34A7 /* Frameworks */,
				1A0CB24329A8931C00FB34A7 /* Resources */,
			);
			buildRules = (
			);
			dependencies = (
				1A0CB24729A8931C00FB34A7 /* PBXTargetDependency */,
			);
			name = YiYiUITests;
			productName = YiYiUITests;
			productReference = 1A0CB24529A8931C00FB34A7 /* YiYiUITests.xctest */;
			productType = "com.apple.product-type.bundle.ui-testing";
		};
/* End PBXNativeTarget section */

/* Begin PBXProject section */
		1A0CB22329A8931A00FB34A7 /* Project object */ = {
			isa = PBXProject;
			attributes = {
				BuildIndependentTargetsInParallel = 1;
				LastSwiftUpdateCheck = 1420;
				LastUpgradeCheck = 1420;
				TargetAttributes = {
					1A0CB22A29A8931A00FB34A7 = {
						CreatedOnToolsVersion = 14.2;
					};
					1A0CB23A29A8931C00FB34A7 = {
						CreatedOnToolsVersion = 14.2;
						TestTargetID = 1A0CB22A29A8931A00FB34A7;
					};
					1A0CB24429A8931C00FB34A7 = {
						CreatedOnToolsVersion = 14.2;
						TestTargetID = 1A0CB22A29A8931A00FB34A7;
					};
				};
			};
			buildConfigurationList = 1A0CB22629A8931A00FB34A7 /* Build configuration list for PBXProject "YiYi" */;
			compatibilityVersion = "Xcode 14.0";
			developmentRegion = en;
			hasScannedForEncodings = 0;
			knownRegions = (
				en,
				"zh-Hans",
				Base,
			);
			mainGroup = 1A0CB22229A8931A00FB34A7;
			packageReferences = (
				1AB83EFF29A8BBAB009C941C /* XCRemoteSwiftPackageReference "AlertToast" */,
				1AB83F0229A8FDF2009C941C /* XCRemoteSwiftPackageReference "SwiftNFC" */,
				1AB3A95529AA6F9F0005C6B6 /* XCRemoteSwiftPackageReference "SwiftTerm" */,
			);
			productRefGroup = 1A0CB22C29A8931A00FB34A7 /* Products */;
			projectDirPath = "";
			projectRoot = "";
			targets = (
				1A0CB22A29A8931A00FB34A7 /* YiYi */,
				1A0CB23A29A8931C00FB34A7 /* YiYiTests */,
				1A0CB24429A8931C00FB34A7 /* YiYiUITests */,
			);
		};
/* End PBXProject section */

/* Begin PBXResourcesBuildPhase section */
		1A0CB22929A8931A00FB34A7 /* Resources */ = {
			isa = PBXResourcesBuildPhase;
			buildActionMask = 2147483647;
			files = (
				1A0CB23629A8931C00FB34A7 /* Preview Assets.xcassets in Resources */,
				1A0CB23329A8931C00FB34A7 /* Assets.xcassets in Resources */,
				1A0CB26929A8AF7300FB34A7 /* tianzhen.ttf in Resources */,
			);
			runOnlyForDeploymentPostprocessing = 0;
		};
		1A0CB23929A8931C00FB34A7 /* Resources */ = {
			isa = PBXResourcesBuildPhase;
			buildActionMask = 2147483647;
			files = (
			);
			runOnlyForDeploymentPostprocessing = 0;
		};
		1A0CB24329A8931C00FB34A7 /* Resources */ = {
			isa = PBXResourcesBuildPhase;
			buildActionMask = 2147483647;
			files = (
			);
			runOnlyForDeploymentPostprocessing = 0;
		};
/* End PBXResourcesBuildPhase section */

/* Begin PBXSourcesBuildPhase section */
		1A0CB22729A8931A00FB34A7 /* Sources */ = {
			isa = PBXSourcesBuildPhase;
			buildActionMask = 2147483647;
			files = (
				1A0CB25B29A896D500FB34A7 /* Menu.swift in Sources */,
				1AB83EFE29A8B7CC009C941C /* WirelessView.swift in Sources */,
				1AB3A95429AA5E9C0005C6B6 /* Utilities.swift in Sources */,
				1A0CB23129A8931A00FB34A7 /* ContentView.swift in Sources */,
				1AB3A95229AA524C0005C6B6 /* BluetoothPeripherals.swift in Sources */,
				1AB83EFA29A8B476009C941C /* ActionCustomView.swift in Sources */,
				1AB3A94B29A91E0B0005C6B6 /* BluetoothServices.swift in Sources */,
				1A0CB25E29A8978000FB34A7 /* MenuList.swift in Sources */,
				1A0CB26229A8A26C00FB34A7 /* NFCView.swift in Sources */,
				1A0CB22F29A8931A00FB34A7 /* YiYiApp.swift in Sources */,
				1AB3A94829A91B970005C6B6 /* Gestures.swift in Sources */,
				1AA0464F29A910310032C91E /* ShellView.swift in Sources */,
				1A0CB26429A8A97200FB34A7 /* SplashView.swift in Sources */,
				1AB83EFC29A8B7BA009C941C /* BluetoothView.swift in Sources */,
			);
			runOnlyForDeploymentPostprocessing = 0;
		};
		1A0CB23729A8931C00FB34A7 /* Sources */ = {
			isa = PBXSourcesBuildPhase;
			buildActionMask = 2147483647;
			files = (
				1A0CB24029A8931C00FB34A7 /* YiYiTests.swift in Sources */,
			);
			runOnlyForDeploymentPostprocessing = 0;
		};
		1A0CB24129A8931C00FB34A7 /* Sources */ = {
			isa = PBXSourcesBuildPhase;
			buildActionMask = 2147483647;
			files = (
				1A0CB24C29A8931C00FB34A7 /* YiYiUITestsLaunchTests.swift in Sources */,
				1A0CB24A29A8931C00FB34A7 /* YiYiUITests.swift in Sources */,
			);
			runOnlyForDeploymentPostprocessing = 0;
		};
/* End PBXSourcesBuildPhase section */

/* Begin PBXTargetDependency section */
		1A0CB23D29A8931C00FB34A7 /* PBXTargetDependency */ = {
			isa = PBXTargetDependency;
			target = 1A0CB22A29A8931A00FB34A7 /* YiYi */;
			targetProxy = 1A0CB23C29A8931C00FB34A7 /* PBXContainerItemProxy */;
		};
		1A0CB24729A8931C00FB34A7 /* PBXTargetDependency */ = {
			isa = PBXTargetDependency;
			target = 1A0CB22A29A8931A00FB34A7 /* YiYi */;
			targetProxy = 1A0CB24629A8931C00FB34A7 /* PBXContainerItemProxy */;
		};
/* End PBXTargetDependency section */

/* Begin XCBuildConfiguration section */
		1A0CB24D29A8931C00FB34A7 /* Debug */ = {
			isa = XCBuildConfiguration;
			buildSettings = {
				ALWAYS_SEARCH_USER_PATHS = NO;
				CLANG_ANALYZER_NONNULL = YES;
				CLANG_ANALYZER_NUMBER_OBJECT_CONVERSION = YES_AGGRESSIVE;
				CLANG_CXX_LANGUAGE_STANDARD = "gnu++20";
				CLANG_ENABLE_MODULES = YES;
				CLANG_ENABLE_OBJC_ARC = YES;
				CLANG_ENABLE_OBJC_WEAK = YES;
				CLANG_WARN_BLOCK_CAPTURE_AUTORELEASING = YES;
				CLANG_WARN_BOOL_CONVERSION = YES;
				CLANG_WARN_COMMA = YES;
				CLANG_WARN_CONSTANT_CONVERSION = YES;
				CLANG_WARN_DEPRECATED_OBJC_IMPLEMENTATIONS = YES;
				CLANG_WARN_DIRECT_OBJC_ISA_USAGE = YES_ERROR;
				CLANG_WARN_DOCUMENTATION_COMMENTS = YES;
				CLANG_WARN_EMPTY_BODY = YES;
				CLANG_WARN_ENUM_CONVERSION = YES;
				CLANG_WARN_INFINITE_RECURSION = YES;
				CLANG_WARN_INT_CONVERSION = YES;
				CLANG_WARN_NON_LITERAL_NULL_CONVERSION = YES;
				CLANG_WARN_OBJC_IMPLICIT_RETAIN_SELF = YES;
				CLANG_WARN_OBJC_LITERAL_CONVERSION = YES;
				CLANG_WARN_OBJC_ROOT_CLASS = YES_ERROR;
				CLANG_WARN_QUOTED_INCLUDE_IN_FRAMEWORK_HEADER = YES;
				CLANG_WARN_RANGE_LOOP_ANALYSIS = YES;
				CLANG_WARN_STRICT_PROTOTYPES = YES;
				CLANG_WARN_SUSPICIOUS_MOVE = YES;
				CLANG_WARN_UNGUARDED_AVAILABILITY = YES_AGGRESSIVE;
				CLANG_WARN_UNREACHABLE_CODE = YES;
				CLANG_WARN__DUPLICATE_METHOD_MATCH = YES;
				COPY_PHASE_STRIP = NO;
				DEBUG_INFORMATION_FORMAT = dwarf;
				ENABLE_STRICT_OBJC_MSGSEND = YES;
				ENABLE_TESTABILITY = YES;
				GCC_C_LANGUAGE_STANDARD = gnu11;
				GCC_DYNAMIC_NO_PIC = NO;
				GCC_NO_COMMON_BLOCKS = YES;
				GCC_OPTIMIZATION_LEVEL = 0;
				GCC_PREPROCESSOR_DEFINITIONS = (
					"DEBUG=1",
					"$(inherited)",
				);
				GCC_WARN_64_TO_32_BIT_CONVERSION = YES;
				GCC_WARN_ABOUT_RETURN_TYPE = YES_ERROR;
				GCC_WARN_UNDECLARED_SELECTOR = YES;
				GCC_WARN_UNINITIALIZED_AUTOS = YES_AGGRESSIVE;
				GCC_WARN_UNUSED_FUNCTION = YES;
				GCC_WARN_UNUSED_VARIABLE = YES;
				IPHONEOS_DEPLOYMENT_TARGET = 16.0;
				MTL_ENABLE_DEBUG_INFO = INCLUDE_SOURCE;
				MTL_FAST_MATH = YES;
				ONLY_ACTIVE_ARCH = YES;
				SDKROOT = iphoneos;
				SWIFT_ACTIVE_COMPILATION_CONDITIONS = DEBUG;
				SWIFT_OPTIMIZATION_LEVEL = "-Onone";
			};
			name = Debug;
		};
		1A0CB24E29A8931C00FB34A7 /* Release */ = {
			isa = XCBuildConfiguration;
			buildSettings = {
				ALWAYS_SEARCH_USER_PATHS = NO;
				CLANG_ANALYZER_NONNULL = YES;
				CLANG_ANALYZER_NUMBER_OBJECT_CONVERSION = YES_AGGRESSIVE;
				CLANG_CXX_LANGUAGE_STANDARD = "gnu++20";
				CLANG_ENABLE_MODULES = YES;
				CLANG_ENABLE_OBJC_ARC = YES;
				CLANG_ENABLE_OBJC_WEAK = YES;
				CLANG_WARN_BLOCK_CAPTURE_AUTORELEASING = YES;
				CLANG_WARN_BOOL_CONVERSION = YES;
				CLANG_WARN_COMMA = YES;
				CLANG_WARN_CONSTANT_CONVERSION = YES;
				CLANG_WARN_DEPRECATED_OBJC_IMPLEMENTATIONS = YES;
				CLANG_WARN_DIRECT_OBJC_ISA_USAGE = YES_ERROR;
				CLANG_WARN_DOCUMENTATION_COMMENTS = YES;
				CLANG_WARN_EMPTY_BODY = YES;
				CLANG_WARN_ENUM_CONVERSION = YES;
				CLANG_WARN_INFINITE_RECURSION = YES;
				CLANG_WARN_INT_CONVERSION = YES;
				CLANG_WARN_NON_LITERAL_NULL_CONVERSION = YES;
				CLANG_WARN_OBJC_IMPLICIT_RETAIN_SELF = YES;
				CLANG_WARN_OBJC_LITERAL_CONVERSION = YES;
				CLANG_WARN_OBJC_ROOT_CLASS = YES_ERROR;
				CLANG_WARN_QUOTED_INCLUDE_IN_FRAMEWORK_HEADER = YES;
				CLANG_WARN_RANGE_LOOP_ANALYSIS = YES;
				CLANG_WARN_STRICT_PROTOTYPES = YES;
				CLANG_WARN_SUSPICIOUS_MOVE = YES;
				CLANG_WARN_UNGUARDED_AVAILABILITY = YES_AGGRESSIVE;
				CLANG_WARN_UNREACHABLE_CODE = YES;
				CLANG_WARN__DUPLICATE_METHOD_MATCH = YES;
				COPY_PHASE_STRIP = NO;
				DEBUG_INFORMATION_FORMAT = "dwarf-with-dsym";
				ENABLE_NS_ASSERTIONS = NO;
				ENABLE_STRICT_OBJC_MSGSEND = YES;
				GCC_C_LANGUAGE_STANDARD = gnu11;
				GCC_NO_COMMON_BLOCKS = YES;
				GCC_WARN_64_TO_32_BIT_CONVERSION = YES;
				GCC_WARN_ABOUT_RETURN_TYPE = YES_ERROR;
				GCC_WARN_UNDECLARED_SELECTOR = YES;
				GCC_WARN_UNINITIALIZED_AUTOS = YES_AGGRESSIVE;
				GCC_WARN_UNUSED_FUNCTION = YES;
				GCC_WARN_UNUSED_VARIABLE = YES;
				IPHONEOS_DEPLOYMENT_TARGET = 16.0;
				MTL_ENABLE_DEBUG_INFO = NO;
				MTL_FAST_MATH = YES;
				SDKROOT = iphoneos;
				SWIFT_COMPILATION_MODE = wholemodule;
				SWIFT_OPTIMIZATION_LEVEL = "-O";
				VALIDATE_PRODUCT = YES;
			};
			name = Release;
		};
		1A0CB25029A8931C00FB34A7 /* Debug */ = {
			isa = XCBuildConfiguration;
			buildSettings = {
				ASSETCATALOG_COMPILER_APPICON_NAME = AppIcon;
				ASSETCATALOG_COMPILER_GLOBAL_ACCENT_COLOR_NAME = AccentColor;
				CODE_SIGN_ENTITLEMENTS = YiYi/YiYi.entitlements;
				CODE_SIGN_STYLE = Automatic;
				CURRENT_PROJECT_VERSION = 1;
				DEVELOPMENT_ASSET_PATHS = "\"YiYi/Preview Content\"";
				DEVELOPMENT_TEAM = 9W5GY4L6GJ;
				ENABLE_PREVIEWS = YES;
				GENERATE_INFOPLIST_FILE = YES;
				INFOPLIST_FILE = YiYi/Info.plist;
				INFOPLIST_KEY_CFBundleDisplayName = "佚佚";
				INFOPLIST_KEY_LSApplicationCategoryType = "public.app-category.utilities";
				INFOPLIST_KEY_NFCReaderUsageDescription = "启用此功能以使用NFC实用程序";
				INFOPLIST_KEY_NSBluetoothAlwaysUsageDescription = "允许我使用蓝牙来使用蓝牙实用程序";
				INFOPLIST_KEY_NSBluetoothPeripheralUsageDescription = "允许我使用蓝牙来使用蓝牙实用程序";
				INFOPLIST_KEY_NSNearbyInteractionUsageDescription = "启用此功能以使用NFC实用程序";
				INFOPLIST_KEY_UIApplicationSceneManifest_Generation = YES;
				INFOPLIST_KEY_UIApplicationSupportsIndirectInputEvents = YES;
				INFOPLIST_KEY_UILaunchScreen_Generation = YES;
				INFOPLIST_KEY_UISupportedInterfaceOrientations_iPad = "UIInterfaceOrientationPortrait UIInterfaceOrientationPortraitUpsideDown UIInterfaceOrientationLandscapeLeft UIInterfaceOrientationLandscapeRight";
				INFOPLIST_KEY_UISupportedInterfaceOrientations_iPhone = "UIInterfaceOrientationPortrait UIInterfaceOrientationLandscapeLeft UIInterfaceOrientationLandscapeRight";
				LD_RUNPATH_SEARCH_PATHS = (
					"$(inherited)",
					"@executable_path/Frameworks",
				);
				MARKETING_VERSION = 1.0;
				PRODUCT_BUNDLE_IDENTIFIER = johnmelodyme.pentestertool.YiYi;
				PRODUCT_NAME = "$(TARGET_NAME)";
				SUPPORTED_PLATFORMS = "iphoneos iphonesimulator";
				SUPPORTS_MACCATALYST = NO;
				SUPPORTS_MAC_DESIGNED_FOR_IPHONE_IPAD = NO;
				SWIFT_EMIT_LOC_STRINGS = YES;
				SWIFT_VERSION = 5.0;
				TARGETED_DEVICE_FAMILY = 1;
			};
			name = Debug;
		};
		1A0CB25129A8931C00FB34A7 /* Release */ = {
			isa = XCBuildConfiguration;
			buildSettings = {
				ASSETCATALOG_COMPILER_APPICON_NAME = AppIcon;
				ASSETCATALOG_COMPILER_GLOBAL_ACCENT_COLOR_NAME = AccentColor;
				CODE_SIGN_ENTITLEMENTS = YiYi/YiYi.entitlements;
				CODE_SIGN_STYLE = Automatic;
				CURRENT_PROJECT_VERSION = 1;
				DEVELOPMENT_ASSET_PATHS = "\"YiYi/Preview Content\"";
				DEVELOPMENT_TEAM = 9W5GY4L6GJ;
				ENABLE_PREVIEWS = YES;
				GENERATE_INFOPLIST_FILE = YES;
				INFOPLIST_FILE = YiYi/Info.plist;
				INFOPLIST_KEY_CFBundleDisplayName = "佚佚";
				INFOPLIST_KEY_LSApplicationCategoryType = "public.app-category.utilities";
				INFOPLIST_KEY_NFCReaderUsageDescription = "启用此功能以使用NFC实用程序";
				INFOPLIST_KEY_NSBluetoothAlwaysUsageDescription = "允许我使用蓝牙来使用蓝牙实用程序";
				INFOPLIST_KEY_NSBluetoothPeripheralUsageDescription = "允许我使用蓝牙来使用蓝牙实用程序";
				INFOPLIST_KEY_NSNearbyInteractionUsageDescription = "启用此功能以使用NFC实用程序";
				INFOPLIST_KEY_UIApplicationSceneManifest_Generation = YES;
				INFOPLIST_KEY_UIApplicationSupportsIndirectInputEvents = YES;
				INFOPLIST_KEY_UILaunchScreen_Generation = YES;
				INFOPLIST_KEY_UISupportedInterfaceOrientations_iPad = "UIInterfaceOrientationPortrait UIInterfaceOrientationPortraitUpsideDown UIInterfaceOrientationLandscapeLeft UIInterfaceOrientationLandscapeRight";
				INFOPLIST_KEY_UISupportedInterfaceOrientations_iPhone = "UIInterfaceOrientationPortrait UIInterfaceOrientationLandscapeLeft UIInterfaceOrientationLandscapeRight";
				LD_RUNPATH_SEARCH_PATHS = (
					"$(inherited)",
					"@executable_path/Frameworks",
				);
				MARKETING_VERSION = 1.0;
				PRODUCT_BUNDLE_IDENTIFIER = johnmelodyme.pentestertool.YiYi;
				PRODUCT_NAME = "$(TARGET_NAME)";
				SUPPORTED_PLATFORMS = "iphoneos iphonesimulator";
				SUPPORTS_MACCATALYST = NO;
				SUPPORTS_MAC_DESIGNED_FOR_IPHONE_IPAD = NO;
				SWIFT_EMIT_LOC_STRINGS = YES;
				SWIFT_VERSION = 5.0;
				TARGETED_DEVICE_FAMILY = 1;
			};
			name = Release;
		};
		1A0CB25329A8931C00FB34A7 /* Debug */ = {
			isa = XCBuildConfiguration;
			buildSettings = {
				ALWAYS_EMBED_SWIFT_STANDARD_LIBRARIES = YES;
				BUNDLE_LOADER = "$(TEST_HOST)";
				CODE_SIGN_STYLE = Automatic;
				CURRENT_PROJECT_VERSION = 1;
				DEVELOPMENT_TEAM = 9W5GY4L6GJ;
				GENERATE_INFOPLIST_FILE = YES;
				IPHONEOS_DEPLOYMENT_TARGET = 16.2;
				MARKETING_VERSION = 1.0;
				PRODUCT_BUNDLE_IDENTIFIER = johnmelodyme.pentestertool.YiYiTests;
				PRODUCT_NAME = "$(TARGET_NAME)";
				SWIFT_EMIT_LOC_STRINGS = NO;
				SWIFT_VERSION = 5.0;
				TARGETED_DEVICE_FAMILY = "1,2";
				TEST_HOST = "$(BUILT_PRODUCTS_DIR)/YiYi.app/$(BUNDLE_EXECUTABLE_FOLDER_PATH)/YiYi";
			};
			name = Debug;
		};
		1A0CB25429A8931C00FB34A7 /* Release */ = {
			isa = XCBuildConfiguration;
			buildSettings = {
				ALWAYS_EMBED_SWIFT_STANDARD_LIBRARIES = YES;
				BUNDLE_LOADER = "$(TEST_HOST)";
				CODE_SIGN_STYLE = Automatic;
				CURRENT_PROJECT_VERSION = 1;
				DEVELOPMENT_TEAM = 9W5GY4L6GJ;
				GENERATE_INFOPLIST_FILE = YES;
				IPHONEOS_DEPLOYMENT_TARGET = 16.2;
				MARKETING_VERSION = 1.0;
				PRODUCT_BUNDLE_IDENTIFIER = johnmelodyme.pentestertool.YiYiTests;
				PRODUCT_NAME = "$(TARGET_NAME)";
				SWIFT_EMIT_LOC_STRINGS = NO;
				SWIFT_VERSION = 5.0;
				TARGETED_DEVICE_FAMILY = "1,2";
				TEST_HOST = "$(BUILT_PRODUCTS_DIR)/YiYi.app/$(BUNDLE_EXECUTABLE_FOLDER_PATH)/YiYi";
			};
			name = Release;
		};
		1A0CB25629A8931C00FB34A7 /* Debug */ = {
			isa = XCBuildConfiguration;
			buildSettings = {
				ALWAYS_EMBED_SWIFT_STANDARD_LIBRARIES = YES;
				CODE_SIGN_STYLE = Automatic;
				CURRENT_PROJECT_VERSION = 1;
				DEVELOPMENT_TEAM = 9W5GY4L6GJ;
				GENERATE_INFOPLIST_FILE = YES;
				MARKETING_VERSION = 1.0;
				PRODUCT_BUNDLE_IDENTIFIER = johnmelodyme.pentestertool.YiYiUITests;
				PRODUCT_NAME = "$(TARGET_NAME)";
				SWIFT_EMIT_LOC_STRINGS = NO;
				SWIFT_VERSION = 5.0;
				TARGETED_DEVICE_FAMILY = "1,2";
				TEST_TARGET_NAME = YiYi;
			};
			name = Debug;
		};
		1A0CB25729A8931C00FB34A7 /* Release */ = {
			isa = XCBuildConfiguration;
			buildSettings = {
				ALWAYS_EMBED_SWIFT_STANDARD_LIBRARIES = YES;
				CODE_SIGN_STYLE = Automatic;
				CURRENT_PROJECT_VERSION = 1;
				DEVELOPMENT_TEAM = 9W5GY4L6GJ;
				GENERATE_INFOPLIST_FILE = YES;
				MARKETING_VERSION = 1.0;
				PRODUCT_BUNDLE_IDENTIFIER = johnmelodyme.pentestertool.YiYiUITests;
				PRODUCT_NAME = "$(TARGET_NAME)";
				SWIFT_EMIT_LOC_STRINGS = NO;
				SWIFT_VERSION = 5.0;
				TARGETED_DEVICE_FAMILY = "1,2";
				TEST_TARGET_NAME = YiYi;
			};
			name = Release;
		};
/* End XCBuildConfiguration section */

/* Begin XCConfigurationList section */
		1A0CB22629A8931A00FB34A7 /* Build configuration list for PBXProject "YiYi" */ = {
			isa = XCConfigurationList;
			buildConfigurations = (
				1A0CB24D29A8931C00FB34A7 /* Debug */,
				1A0CB24E29A8931C00FB34A7 /* Release */,
			);
			defaultConfigurationIsVisible = 0;
			defaultConfigurationName = Release;
		};
		1A0CB24F29A8931C00FB34A7 /* Build configuration list for PBXNativeTarget "YiYi" */ = {
			isa = XCConfigurationList;
			buildConfigurations = (
				1A0CB25029A8931C00FB34A7 /* Debug */,
				1A0CB25129A8931C00FB34A7 /* Release */,
			);
			defaultConfigurationIsVisible = 0;
			defaultConfigurationName = Release;
		};
		1A0CB25229A8931C00FB34A7 /* Build configuration list for PBXNativeTarget "YiYiTests" */ = {
			isa = XCConfigurationList;
			buildConfigurations = (
				1A0CB25329A8931C00FB34A7 /* Debug */,
				1A0CB25429A8931C00FB34A7 /* Release */,
			);
			defaultConfigurationIsVisible = 0;
			defaultConfigurationName = Release;
		};
		1A0CB25529A8931C00FB34A7 /* Build configuration list for PBXNativeTarget "YiYiUITests" */ = {
			isa = XCConfigurationList;
			buildConfigurations = (
				1A0CB25629A8931C00FB34A7 /* Debug */,
				1A0CB25729A8931C00FB34A7 /* Release */,
			);
			defaultConfigurationIsVisible = 0;
			defaultConfigurationName = Release;
		};
/* End XCConfigurationList section */

/* Begin XCRemoteSwiftPackageReference section */
		1AB3A95529AA6F9F0005C6B6 /* XCRemoteSwiftPackageReference "SwiftTerm" */ = {
			isa = XCRemoteSwiftPackageReference;
			repositoryURL = "https://github.com/migueldeicaza/SwiftTerm.git";
			requirement = {
				kind = upToNextMajorVersion;
				minimumVersion = 1.0.0;
			};
		};
		1AB83EFF29A8BBAB009C941C /* XCRemoteSwiftPackageReference "AlertToast" */ = {
			isa = XCRemoteSwiftPackageReference;
			repositoryURL = "https://github.com/johnmelodyme/AlertToast.git";
			requirement = {
				branch = master;
				kind = branch;
			};
		};
		1AB83F0229A8FDF2009C941C /* XCRemoteSwiftPackageReference "SwiftNFC" */ = {
			isa = XCRemoteSwiftPackageReference;
			repositoryURL = "https://github.com/johnmelodyme/SwiftNFC.git";
			requirement = {
				branch = main;
				kind = branch;
			};
		};
/* End XCRemoteSwiftPackageReference section */

/* Begin XCSwiftPackageProductDependency section */
		1AB3A95629AA6F9F0005C6B6 /* SwiftTerm */ = {
			isa = XCSwiftPackageProductDependency;
			package = 1AB3A95529AA6F9F0005C6B6 /* XCRemoteSwiftPackageReference "SwiftTerm" */;
			productName = SwiftTerm;
		};
		1AB83F0029A8BBAB009C941C /* AlertToast */ = {
			isa = XCSwiftPackageProductDependency;
			package = 1AB83EFF29A8BBAB009C941C /* XCRemoteSwiftPackageReference "AlertToast" */;
			productName = AlertToast;
		};
		1AB83F0329A8FDF2009C941C /* SwiftNFC */ = {
			isa = XCSwiftPackageProductDependency;
			package = 1AB83F0229A8FDF2009C941C /* XCRemoteSwiftPackageReference "SwiftNFC" */;
			productName = SwiftNFC;
		};
/* End XCSwiftPackageProductDependency section */
	};
	rootObject = 1A0CB22329A8931A00FB34A7 /* Project object */;
}
